// !$*UTF8*$!
{
	archiveVersion = 1;
	classes = {
	};
	objectVersion = 46;
	objects = {

/* Begin PBXBuildFile section */
		2CE2EB321C68BE9900DCBAAA /* main.cpp in Sources */ = {isa = PBXBuildFile; fileRef = 2CE2EB311C68BE9900DCBAAA /* main.cpp */; };
/* End PBXBuildFile section */

/* Begin PBXCopyFilesBuildPhase section */
		2CE2EB2C1C68BE9900DCBAAA /* CopyFiles */ = {
			isa = PBXCopyFilesBuildPhase;
			buildActionMask = 2147483647;
			dstPath = /usr/share/man/man1/;
			dstSubfolderSpec = 0;
			files = (
			);
			runOnlyForDeploymentPostprocessing = 1;
		};
/* End PBXCopyFilesBuildPhase section */

/* Begin PBXFileReference section */
		2CE2EB2E1C68BE9900DCBAAA /* blogpost2 */ = {isa = PBXFileReference; explicitFileType = "compiled.mach-o.executable"; includeInIndex = 0; path = blogpost2; sourceTree = BUILT_PRODUCTS_DIR; };
		2CE2EB311C68BE9900DCBAAA /* main.cpp */ = {isa = PBXFileReference; lastKnownFileType = sourcecode.cpp.cpp; path = main.cpp; sourceTree = "<group>"; };
		2CE8D0A91C68C17F001767ED /* catch.hpp */ = {isa = PBXFileReference; lastKnownFileType = sourcecode.cpp.h; path = catch.hpp; sourceTree = "<group>"; };
/* End PBXFileReference section */

/* Begin PBXFrameworksBuildPhase section */
		2CE2EB2B1C68BE9900DCBAAA /* Frameworks */ = {
			isa = PBXFrameworksBuildPhase;
			buildActionMask = 2147483647;
			files = (
			);
			runOnlyForDeploymentPostprocessing = 0;
		};
/* End PBXFrameworksBuildPhase section */

/* Begin PBXGroup section */
		2CE2EB251C68BE9900DCBAAA = {
			isa = PBXGroup;
			children = (
				2CE2EB301C68BE9900DCBAAA /* blogpost2 */,
				2CE2EB2F1C68BE9900DCBAAA /* Products */,
				2CE8D0A81C68C17F001767ED /* external */,
			);
			sourceTree = "<group>";
		};
		2CE2EB2F1C68BE9900DCBAAA /* Products */ = {
			isa = PBXGroup;
			children = (
				2CE2EB2E1C68BE9900DCBAAA /* blogpost2 */,
			);
			name = Products;
			sourceTree = "<group>";
		};
		2CE2EB301C68BE9900DCBAAA /* blogpost2 */ = {
			isa = PBXGroup;
			children = (
				2CE2EB311C68BE9900DCBAAA /* main.cpp */,
			);
			path = blogpost2;
			sourceTree = "<group>";
		};
		2CE8D0A81C68C17F001767ED /* external */ = {
			isa = PBXGroup;
			children = (
				2CE8D0A91C68C17F001767ED /* catch.hpp */,
			);
			name = external;
			path = ../external;
			sourceTree = "<group>";
		};
/* End PBXGroup section */

/* Begin PBXNativeTarget section */
		2CE2EB2D1C68BE9900DCBAAA /* blogpost2 */ = {
			isa = PBXNativeTarget;
			buildConfigurationList = 2CE2EB351C68BE9900DCBAAA /* Build configuration list for PBXNativeTarget "blogpost2" */;
			buildPhases = (
				2CE2EB2A1C68BE9900DCBAAA /* Sources */,
				2CE2EB2B1C68BE9900DCBAAA /* Frameworks */,
				2CE2EB2C1C68BE9900DCBAAA /* CopyFiles */,
			);
			buildRules = (
			);
			dependencies = (
			);
			name = blogpost2;
			productName = blogpost2;
			productReference = 2CE2EB2E1C68BE9900DCBAAA /* blogpost2 */;
			productType = "com.apple.product-type.tool";
		};
/* End PBXNativeTarget section */

/* Begin PBXProject section */
		2CE2EB261C68BE9900DCBAAA /* Project object */ = {
			isa = PBXProject;
			attributes = {
				LastUpgradeCheck = 0720;
				ORGANIZATIONNAME = "Marcus Zetterquist";
				TargetAttributes = {
					2CE2EB2D1C68BE9900DCBAAA = {
						CreatedOnToolsVersion = 7.2.1;
					};
				};
			};
			buildConfigurationList = 2CE2EB291C68BE9900DCBAAA /* Build configuration list for PBXProject "blogpost2" */;
			compatibilityVersion = "Xcode 3.2";
			developmentRegion = English;
			hasScannedForEncodings = 0;
			knownRegions = (
				en,
			);
			mainGroup = 2CE2EB251C68BE9900DCBAAA;
			productRefGroup = 2CE2EB2F1C68BE9900DCBAAA /* Products */;
			projectDirPath = "";
			projectRoot = "";
			targets = (
				2CE2EB2D1C68BE9900DCBAAA /* blogpost2 */,
			);
		};
/* End PBXProject section */

/* Begin PBXSourcesBuildPhase section */
		2CE2EB2A1C68BE9900DCBAAA /* Sources */ = {
			isa = PBXSourcesBuildPhase;
			buildActionMask = 2147483647;
			files = (
				2CE2EB321C68BE9900DCBAAA /* main.cpp in Sources */,
			);
			runOnlyForDeploymentPostprocessing = 0;
		};
/* End PBXSourcesBuildPhase section */

/* Begin XCBuildConfiguration section */
		2CE2EB331C68BE9900DCBAAA /* Debug */ = {
			isa = XCBuildConfiguration;
			buildSettings = {
				ALWAYS_SEARCH_USER_PATHS = NO;
				CLANG_CXX_LANGUAGE_STANDARD = "gnu++0x";
				CLANG_CXX_LIBRARY = "libc++";
				CLANG_ENABLE_MODULES = YES;
				CLANG_ENABLE_OBJC_ARC = YES;
				CLANG_WARN_BOOL_CONVERSION = YES;
				CLANG_WARN_CONSTANT_CONVERSION = YES;
				CLANG_WARN_DIRECT_OBJC_ISA_USAGE = YES_ERROR;
				CLANG_WARN_EMPTY_BODY = YES;
				CLANG_WARN_ENUM_CONVERSION = YES;
				CLANG_WARN_INT_CONVERSION = YES;
				CLANG_WARN_OBJC_ROOT_CLASS = YES_ERROR;
				CLANG_WARN_UNREACHABLE_CODE = YES;
				CLANG_WARN__DUPLICATE_METHOD_MATCH = YES;
				CODE_SIGN_IDENTITY = "-";
				COPY_PHASE_STRIP = NO;
				DEBUG_INFORMATION_FORMAT = dwarf;
				ENABLE_STRICT_OBJC_MSGSEND = YES;
				ENABLE_TESTABILITY = YES;
				GCC_C_LANGUAGE_STANDARD = gnu99;
				GCC_DYNAMIC_NO_PIC = NO;
				GCC_NO_COMMON_BLOCKS = YES;
				GCC_OPTIMIZATION_LEVEL = 0;
				GCC_PREPROCESSOR_DEFINITIONS = (
					"DEBUG=1",
					"$(inherited)",
				);
				GCC_WARN_64_TO_32_BIT_CONVERSION = YES;
				GCC_WARN_ABOUT_RETURN_TYPE = YES_ERROR;
				GCC_WARN_UNDECLARED_SELECTOR = YES;
				GCC_WARN_UNINITIALIZED_AUTOS = YES_AGGRESSIVE;
				GCC_WARN_UNUSED_FUNCTION = YES;
				GCC_WARN_UNUSED_VARIABLE = YES;
				MACOSX_DEPLOYMENT_TARGET = 10.11;
				MTL_ENABLE_DEBUG_INFO = YES;
				ONLY_ACTIVE_ARCH = YES;
				SDKROOT = macosx;
			};
			name = Debug;
		};
		2CE2EB341C68BE9900DCBAAA /* Release */ = {
			isa = XCBuildConfiguration;
			buildSettings = {
				ALWAYS_SEARCH_USER_PATHS = NO;
				CLANG_CXX_LANGUAGE_STANDARD = "gnu++0x";
				CLANG_CXX_LIBRARY = "libc++";
				CLANG_ENABLE_MODULES = YES;
				CLANG_ENABLE_OBJC_ARC = YES;
				CLANG_WARN_BOOL_CONVERSION = YES;
				CLANG_WARN_CONSTANT_CONVERSION = YES;
				CLANG_WARN_DIRECT_OBJC_ISA_USAGE = YES_ERROR;
				CLANG_WARN_EMPTY_BODY = YES;
				CLANG_WARN_ENUM_CONVERSION = YES;
				CLANG_WARN_INT_CONVERSION = YES;
				CLANG_WARN_OBJC_ROOT_CLASS = YES_ERROR;
				CLANG_WARN_UNREACHABLE_CODE = YES;
				CLANG_WARN__DUPLICATE_METHOD_MATCH = YES;
				CODE_SIGN_IDENTITY = "-";
				COPY_PHASE_STRIP = NO;
				DEBUG_INFORMATION_FORMAT = "dwarf-with-dsym";
				ENABLE_NS_ASSERTIONS = NO;
				ENABLE_STRICT_OBJC_MSGSEND = YES;
				GCC_C_LANGUAGE_STANDARD = gnu99;
				GCC_NO_COMMON_BLOCKS = YES;
				GCC_WARN_64_TO_32_BIT_CONVERSION = YES;
				GCC_WARN_ABOUT_RETURN_TYPE = YES_ERROR;
				GCC_WARN_UNDECLARED_SELECTOR = YES;
				GCC_WARN_UNINITIALIZED_AUTOS = YES_AGGRESSIVE;
				GCC_WARN_UNUSED_FUNCTION = YES;
				GCC_WARN_UNUSED_VARIABLE = YES;
				MACOSX_DEPLOYMENT_TARGET = 10.11;
				MTL_ENABLE_DEBUG_INFO = NO;
				SDKROOT = macosx;
			};
			name = Release;
		};
		2CE2EB361C68BE9900DCBAAA /* Debug */ = {
			isa = XCBuildConfiguration;
			buildSettings = {
				PRODUCT_NAME = "$(TARGET_NAME)";
			};
			name = Debug;
		};
		2CE2EB371C68BE9900DCBAAA /* Release */ = {
			isa = XCBuildConfiguration;
			buildSettings = {
				PRODUCT_NAME = "$(TARGET_NAME)";
			};
			name = Release;
		};
/* End XCBuildConfiguration section */

/* Begin XCConfigurationList section */
		2CE2EB291C68BE9900DCBAAA /* Build configuration list for PBXProject "blogpost2" */ = {
			isa = XCConfigurationList;
			buildConfigurations = (
				2CE2EB331C68BE9900DCBAAA /* Debug */,
				2CE2EB341C68BE9900DCBAAA /* Release */,
			);
			defaultConfigurationIsVisible = 0;
			defaultConfigurationName = Release;
		};
		2CE2EB351C68BE9900DCBAAA /* Build configuration list for PBXNativeTarget "blogpost2" */ = {
			isa = XCConfigurationList;
			buildConfigurations = (
				2CE2EB361C68BE9900DCBAAA /* Debug */,
				2CE2EB371C68BE9900DCBAAA /* Release */,
			);
			defaultConfigurationIsVisible = 0;
			defaultConfigurationName = Release;
		};
/* End XCConfigurationList section */
	};
	rootObject = 2CE2EB261C68BE9900DCBAAA /* Project object */;
}
